// !$*UTF8*$!
{
	archiveVersion = 1;
	classes = {
	};
	objectVersion = 50;
	objects = {

/* Begin PBXBuildFile section */
		CD31006F25B57F5C00CC09AD /* AppDelegate.swift in Sources */ = {isa = PBXBuildFile; fileRef = CD31006E25B57F5C00CC09AD /* AppDelegate.swift */; };
		CD31007125B57F5C00CC09AD /* SceneDelegate.swift in Sources */ = {isa = PBXBuildFile; fileRef = CD31007025B57F5C00CC09AD /* SceneDelegate.swift */; };
		CD31007325B57F5C00CC09AD /* ViewController.swift in Sources */ = {isa = PBXBuildFile; fileRef = CD31007225B57F5C00CC09AD /* ViewController.swift */; };
		CD31007625B57F5C00CC09AD /* Main.storyboard in Resources */ = {isa = PBXBuildFile; fileRef = CD31007425B57F5C00CC09AD /* Main.storyboard */; };
		CD31007825B57F5F00CC09AD /* Assets.xcassets in Resources */ = {isa = PBXBuildFile; fileRef = CD31007725B57F5F00CC09AD /* Assets.xcassets */; };
		CD31007B25B57F5F00CC09AD /* LaunchScreen.storyboard in Resources */ = {isa = PBXBuildFile; fileRef = CD31007925B57F5F00CC09AD /* LaunchScreen.storyboard */; };
		CD31008625B57F5F00CC09AD /* PitchPerfectTests.swift in Sources */ = {isa = PBXBuildFile; fileRef = CD31008525B57F5F00CC09AD /* PitchPerfectTests.swift */; };
		CD31009125B57F5F00CC09AD /* PitchPerfectUITests.swift in Sources */ = {isa = PBXBuildFile; fileRef = CD31009025B57F5F00CC09AD /* PitchPerfectUITests.swift */; };
/* End PBXBuildFile section */

/* Begin PBXContainerItemProxy section */
		CD31008225B57F5F00CC09AD /* PBXContainerItemProxy */ = {
			isa = PBXContainerItemProxy;
			containerPortal = CD31006325B57F5C00CC09AD /* Project object */;
			proxyType = 1;
			remoteGlobalIDString = CD31006A25B57F5C00CC09AD;
			remoteInfo = PitchPerfect;
		};
		CD31008D25B57F5F00CC09AD /* PBXContainerItemProxy */ = {
			isa = PBXContainerItemProxy;
			containerPortal = CD31006325B57F5C00CC09AD /* Project object */;
			proxyType = 1;
			remoteGlobalIDString = CD31006A25B57F5C00CC09AD;
			remoteInfo = PitchPerfect;
		};
/* End PBXContainerItemProxy section */

/* Begin PBXFileReference section */
		CD31006B25B57F5C00CC09AD /* PitchPerfect.app */ = {isa = PBXFileReference; explicitFileType = wrapper.application; includeInIndex = 0; path = PitchPerfect.app; sourceTree = BUILT_PRODUCTS_DIR; };
		CD31006E25B57F5C00CC09AD /* AppDelegate.swift */ = {isa = PBXFileReference; lastKnownFileType = sourcecode.swift; path = AppDelegate.swift; sourceTree = "<group>"; };
		CD31007025B57F5C00CC09AD /* SceneDelegate.swift */ = {isa = PBXFileReference; lastKnownFileType = sourcecode.swift; path = SceneDelegate.swift; sourceTree = "<group>"; };
		CD31007225B57F5C00CC09AD /* ViewController.swift */ = {isa = PBXFileReference; lastKnownFileType = sourcecode.swift; path = ViewController.swift; sourceTree = "<group>"; };
		CD31007525B57F5C00CC09AD /* Base */ = {isa = PBXFileReference; lastKnownFileType = file.storyboard; name = Base; path = Base.lproj/Main.storyboard; sourceTree = "<group>"; };
		CD31007725B57F5F00CC09AD /* Assets.xcassets */ = {isa = PBXFileReference; lastKnownFileType = folder.assetcatalog; path = Assets.xcassets; sourceTree = "<group>"; };
		CD31007A25B57F5F00CC09AD /* Base */ = {isa = PBXFileReference; lastKnownFileType = file.storyboard; name = Base; path = Base.lproj/LaunchScreen.storyboard; sourceTree = "<group>"; };
		CD31007C25B57F5F00CC09AD /* Info.plist */ = {isa = PBXFileReference; lastKnownFileType = text.plist.xml; path = Info.plist; sourceTree = "<group>"; };
		CD31008125B57F5F00CC09AD /* PitchPerfectTests.xctest */ = {isa = PBXFileReference; explicitFileType = wrapper.cfbundle; includeInIndex = 0; path = PitchPerfectTests.xctest; sourceTree = BUILT_PRODUCTS_DIR; };
		CD31008525B57F5F00CC09AD /* PitchPerfectTests.swift */ = {isa = PBXFileReference; lastKnownFileType = sourcecode.swift; path = PitchPerfectTests.swift; sourceTree = "<group>"; };
		CD31008725B57F5F00CC09AD /* Info.plist */ = {isa = PBXFileReference; lastKnownFileType = text.plist.xml; path = Info.plist; sourceTree = "<group>"; };
		CD31008C25B57F5F00CC09AD /* PitchPerfectUITests.xctest */ = {isa = PBXFileReference; explicitFileType = wrapper.cfbundle; includeInIndex = 0; path = PitchPerfectUITests.xctest; sourceTree = BUILT_PRODUCTS_DIR; };
		CD31009025B57F5F00CC09AD /* PitchPerfectUITests.swift */ = {isa = PBXFileReference; lastKnownFileType = sourcecode.swift; path = PitchPerfectUITests.swift; sourceTree = "<group>"; };
		CD31009225B57F5F00CC09AD /* Info.plist */ = {isa = PBXFileReference; lastKnownFileType = text.plist.xml; path = Info.plist; sourceTree = "<group>"; };
/* End PBXFileReference section */

/* Begin PBXFrameworksBuildPhase section */
		CD31006825B57F5C00CC09AD /* Frameworks */ = {
			isa = PBXFrameworksBuildPhase;
			buildActionMask = 2147483647;
			files = (
			);
			runOnlyForDeploymentPostprocessing = 0;
		};
		CD31007E25B57F5F00CC09AD /* Frameworks */ = {
			isa = PBXFrameworksBuildPhase;
			buildActionMask = 2147483647;
			files = (
			);
			runOnlyForDeploymentPostprocessing = 0;
		};
		CD31008925B57F5F00CC09AD /* Frameworks */ = {
			isa = PBXFrameworksBuildPhase;
			buildActionMask = 2147483647;
			files = (
			);
			runOnlyForDeploymentPostprocessing = 0;
		};
/* End PBXFrameworksBuildPhase section */

/* Begin PBXGroup section */
		CD31006225B57F5C00CC09AD = {
			isa = PBXGroup;
			children = (
				CD31006D25B57F5C00CC09AD /* PitchPerfect */,
				CD31008425B57F5F00CC09AD /* PitchPerfectTests */,
				CD31008F25B57F5F00CC09AD /* PitchPerfectUITests */,
				CD31006C25B57F5C00CC09AD /* Products */,
			);
			sourceTree = "<group>";
		};
		CD31006C25B57F5C00CC09AD /* Products */ = {
			isa = PBXGroup;
			children = (
				CD31006B25B57F5C00CC09AD /* PitchPerfect.app */,
				CD31008125B57F5F00CC09AD /* PitchPerfectTests.xctest */,
				CD31008C25B57F5F00CC09AD /* PitchPerfectUITests.xctest */,
			);
			name = Products;
			sourceTree = "<group>";
		};
		CD31006D25B57F5C00CC09AD /* PitchPerfect */ = {
			isa = PBXGroup;
			children = (
				CD31006E25B57F5C00CC09AD /* AppDelegate.swift */,
				CD31007025B57F5C00CC09AD /* SceneDelegate.swift */,
				CD31007225B57F5C00CC09AD /* ViewController.swift */,
				CD31007425B57F5C00CC09AD /* Main.storyboard */,
				CD31007725B57F5F00CC09AD /* Assets.xcassets */,
				CD31007925B57F5F00CC09AD /* LaunchScreen.storyboard */,
				CD31007C25B57F5F00CC09AD /* Info.plist */,
			);
			path = PitchPerfect;
			sourceTree = "<group>";
		};
		CD31008425B57F5F00CC09AD /* PitchPerfectTests */ = {
			isa = PBXGroup;
			children = (
				CD31008525B57F5F00CC09AD /* PitchPerfectTests.swift */,
				CD31008725B57F5F00CC09AD /* Info.plist */,
			);
			path = PitchPerfectTests;
			sourceTree = "<group>";
		};
		CD31008F25B57F5F00CC09AD /* PitchPerfectUITests */ = {
			isa = PBXGroup;
			children = (
				CD31009025B57F5F00CC09AD /* PitchPerfectUITests.swift */,
				CD31009225B57F5F00CC09AD /* Info.plist */,
			);
			path = PitchPerfectUITests;
			sourceTree = "<group>";
		};
/* End PBXGroup section */

/* Begin PBXNativeTarget section */
		CD31006A25B57F5C00CC09AD /* PitchPerfect */ = {
			isa = PBXNativeTarget;
			buildConfigurationList = CD31009525B57F5F00CC09AD /* Build configuration list for PBXNativeTarget "PitchPerfect" */;
			buildPhases = (
				CD31006725B57F5C00CC09AD /* Sources */,
				CD31006825B57F5C00CC09AD /* Frameworks */,
				CD31006925B57F5C00CC09AD /* Resources */,
			);
			buildRules = (
			);
			dependencies = (
			);
			name = PitchPerfect;
			productName = PitchPerfect;
			productReference = CD31006B25B57F5C00CC09AD /* PitchPerfect.app */;
			productType = "com.apple.product-type.application";
		};
		CD31008025B57F5F00CC09AD /* PitchPerfectTests */ = {
			isa = PBXNativeTarget;
			buildConfigurationList = CD31009825B57F5F00CC09AD /* Build configuration list for PBXNativeTarget "PitchPerfectTests" */;
			buildPhases = (
				CD31007D25B57F5F00CC09AD /* Sources */,
				CD31007E25B57F5F00CC09AD /* Frameworks */,
				CD31007F25B57F5F00CC09AD /* Resources */,
			);
			buildRules = (
			);
			dependencies = (
				CD31008325B57F5F00CC09AD /* PBXTargetDependency */,
			);
			name = PitchPerfectTests;
			productName = PitchPerfectTests;
			productReference = CD31008125B57F5F00CC09AD /* PitchPerfectTests.xctest */;
			productType = "com.apple.product-type.bundle.unit-test";
		};
		CD31008B25B57F5F00CC09AD /* PitchPerfectUITests */ = {
			isa = PBXNativeTarget;
			buildConfigurationList = CD31009B25B57F5F00CC09AD /* Build configuration list for PBXNativeTarget "PitchPerfectUITests" */;
			buildPhases = (
				CD31008825B57F5F00CC09AD /* Sources */,
				CD31008925B57F5F00CC09AD /* Frameworks */,
				CD31008A25B57F5F00CC09AD /* Resources */,
			);
			buildRules = (
			);
			dependencies = (
				CD31008E25B57F5F00CC09AD /* PBXTargetDependency */,
			);
			name = PitchPerfectUITests;
			productName = PitchPerfectUITests;
			productReference = CD31008C25B57F5F00CC09AD /* PitchPerfectUITests.xctest */;
			productType = "com.apple.product-type.bundle.ui-testing";
		};
/* End PBXNativeTarget section */

/* Begin PBXProject section */
		CD31006325B57F5C00CC09AD /* Project object */ = {
			isa = PBXProject;
			attributes = {
				LastSwiftUpdateCheck = 1230;
				LastUpgradeCheck = 1230;
				TargetAttributes = {
					CD31006A25B57F5C00CC09AD = {
						CreatedOnToolsVersion = 12.3;
					};
					CD31008025B57F5F00CC09AD = {
						CreatedOnToolsVersion = 12.3;
						TestTargetID = CD31006A25B57F5C00CC09AD;
					};
					CD31008B25B57F5F00CC09AD = {
						CreatedOnToolsVersion = 12.3;
						TestTargetID = CD31006A25B57F5C00CC09AD;
					};
				};
			};
			buildConfigurationList = CD31006625B57F5C00CC09AD /* Build configuration list for PBXProject "PitchPerfect" */;
			compatibilityVersion = "Xcode 9.3";
			developmentRegion = en;
			hasScannedForEncodings = 0;
			knownRegions = (
				en,
				Base,
			);
			mainGroup = CD31006225B57F5C00CC09AD;
			productRefGroup = CD31006C25B57F5C00CC09AD /* Products */;
			projectDirPath = "";
			projectRoot = "";
			targets = (
				CD31006A25B57F5C00CC09AD /* PitchPerfect */,
				CD31008025B57F5F00CC09AD /* PitchPerfectTests */,
				CD31008B25B57F5F00CC09AD /* PitchPerfectUITests */,
			);
		};
/* End PBXProject section */

/* Begin PBXResourcesBuildPhase section */
		CD31006925B57F5C00CC09AD /* Resources */ = {
			isa = PBXResourcesBuildPhase;
			buildActionMask = 2147483647;
			files = (
				CD31007B25B57F5F00CC09AD /* LaunchScreen.storyboard in Resources */,
				CD31007825B57F5F00CC09AD /* Assets.xcassets in Resources */,
				CD31007625B57F5C00CC09AD /* Main.storyboard in Resources */,
			);
			runOnlyForDeploymentPostprocessing = 0;
		};
		CD31007F25B57F5F00CC09AD /* Resources */ = {
			isa = PBXResourcesBuildPhase;
			buildActionMask = 2147483647;
			files = (
			);
			runOnlyForDeploymentPostprocessing = 0;
		};
		CD31008A25B57F5F00CC09AD /* Resources */ = {
			isa = PBXResourcesBuildPhase;
			buildActionMask = 2147483647;
			files = (
			);
			runOnlyForDeploymentPostprocessing = 0;
		};
/* End PBXResourcesBuildPhase section */

/* Begin PBXSourcesBuildPhase section */
		CD31006725B57F5C00CC09AD /* Sources */ = {
			isa = PBXSourcesBuildPhase;
			buildActionMask = 2147483647;
			files = (
				CD31007325B57F5C00CC09AD /* ViewController.swift in Sources */,
				CD31006F25B57F5C00CC09AD /* AppDelegate.swift in Sources */,
				CD31007125B57F5C00CC09AD /* SceneDelegate.swift in Sources */,
			);
			runOnlyForDeploymentPostprocessing = 0;
		};
		CD31007D25B57F5F00CC09AD /* Sources */ = {
			isa = PBXSourcesBuildPhase;
			buildActionMask = 2147483647;
			files = (
				CD31008625B57F5F00CC09AD /* PitchPerfectTests.swift in Sources */,
			);
			runOnlyForDeploymentPostprocessing = 0;
		};
		CD31008825B57F5F00CC09AD /* Sources */ = {
			isa = PBXSourcesBuildPhase;
			buildActionMask = 2147483647;
			files = (
				CD31009125B57F5F00CC09AD /* PitchPerfectUITests.swift in Sources */,
			);
			runOnlyForDeploymentPostprocessing = 0;
		};
/* End PBXSourcesBuildPhase section */

/* Begin PBXTargetDependency section */
		CD31008325B57F5F00CC09AD /* PBXTargetDependency */ = {
			isa = PBXTargetDependency;
			target = CD31006A25B57F5C00CC09AD /* PitchPerfect */;
			targetProxy = CD31008225B57F5F00CC09AD /* PBXContainerItemProxy */;
		};
		CD31008E25B57F5F00CC09AD /* PBXTargetDependency */ = {
			isa = PBXTargetDependency;
			target = CD31006A25B57F5C00CC09AD /* PitchPerfect */;
			targetProxy = CD31008D25B57F5F00CC09AD /* PBXContainerItemProxy */;
		};
/* End PBXTargetDependency section */

/* Begin PBXVariantGroup section */
		CD31007425B57F5C00CC09AD /* Main.storyboard */ = {
			isa = PBXVariantGroup;
			children = (
				CD31007525B57F5C00CC09AD /* Base */,
			);
			name = Main.storyboard;
			sourceTree = "<group>";
		};
		CD31007925B57F5F00CC09AD /* LaunchScreen.storyboard */ = {
			isa = PBXVariantGroup;
			children = (
				CD31007A25B57F5F00CC09AD /* Base */,
			);
			name = LaunchScreen.storyboard;
			sourceTree = "<group>";
		};
/* End PBXVariantGroup section */

/* Begin XCBuildConfiguration section */
		CD31009325B57F5F00CC09AD /* Debug */ = {
			isa = XCBuildConfiguration;
			buildSettings = {
				ALWAYS_SEARCH_USER_PATHS = NO;
				CLANG_ANALYZER_NONNULL = YES;
				CLANG_ANALYZER_NUMBER_OBJECT_CONVERSION = YES_AGGRESSIVE;
				CLANG_CXX_LANGUAGE_STANDARD = "gnu++14";
				CLANG_CXX_LIBRARY = "libc++";
				CLANG_ENABLE_MODULES = YES;
				CLANG_ENABLE_OBJC_ARC = YES;
				CLANG_ENABLE_OBJC_WEAK = YES;
				CLANG_WARN_BLOCK_CAPTURE_AUTORELEASING = YES;
				CLANG_WARN_BOOL_CONVERSION = YES;
				CLANG_WARN_COMMA = YES;
				CLANG_WARN_CONSTANT_CONVERSION = YES;
				CLANG_WARN_DEPRECATED_OBJC_IMPLEMENTATIONS = YES;
				CLANG_WARN_DIRECT_OBJC_ISA_USAGE = YES_ERROR;
				CLANG_WARN_DOCUMENTATION_COMMENTS = YES;
				CLANG_WARN_EMPTY_BODY = YES;
				CLANG_WARN_ENUM_CONVERSION = YES;
				CLANG_WARN_INFINITE_RECURSION = YES;
				CLANG_WARN_INT_CONVERSION = YES;
				CLANG_WARN_NON_LITERAL_NULL_CONVERSION = YES;
				CLANG_WARN_OBJC_IMPLICIT_RETAIN_SELF = YES;
				CLANG_WARN_OBJC_LITERAL_CONVERSION = YES;
				CLANG_WARN_OBJC_ROOT_CLASS = YES_ERROR;
				CLANG_WARN_QUOTED_INCLUDE_IN_FRAMEWORK_HEADER = YES;
				CLANG_WARN_RANGE_LOOP_ANALYSIS = YES;
				CLANG_WARN_STRICT_PROTOTYPES = YES;
				CLANG_WARN_SUSPICIOUS_MOVE = YES;
				CLANG_WARN_UNGUARDED_AVAILABILITY = YES_AGGRESSIVE;
				CLANG_WARN_UNREACHABLE_CODE = YES;
				CLANG_WARN__DUPLICATE_METHOD_MATCH = YES;
				COPY_PHASE_STRIP = NO;
				DEBUG_INFORMATION_FORMAT = dwarf;
				ENABLE_STRICT_OBJC_MSGSEND = YES;
				ENABLE_TESTABILITY = YES;
				GCC_C_LANGUAGE_STANDARD = gnu11;
				GCC_DYNAMIC_NO_PIC = NO;
				GCC_NO_COMMON_BLOCKS = YES;
				GCC_OPTIMIZATION_LEVEL = 0;
				GCC_PREPROCESSOR_DEFINITIONS = (
					"DEBUG=1",
					"$(inherited)",
				);
				GCC_WARN_64_TO_32_BIT_CONVERSION = YES;
				GCC_WARN_ABOUT_RETURN_TYPE = YES_ERROR;
				GCC_WARN_UNDECLARED_SELECTOR = YES;
				GCC_WARN_UNINITIALIZED_AUTOS = YES_AGGRESSIVE;
				GCC_WARN_UNUSED_FUNCTION = YES;
				GCC_WARN_UNUSED_VARIABLE = YES;
				IPHONEOS_DEPLOYMENT_TARGET = 14.3;
				MTL_ENABLE_DEBUG_INFO = INCLUDE_SOURCE;
				MTL_FAST_MATH = YES;
				ONLY_ACTIVE_ARCH = YES;
				SDKROOT = iphoneos;
				SWIFT_ACTIVE_COMPILATION_CONDITIONS = DEBUG;
				SWIFT_OPTIMIZATION_LEVEL = "-Onone";
			};
			name = Debug;
		};
		CD31009425B57F5F00CC09AD /* Release */ = {
			isa = XCBuildConfiguration;
			buildSettings = {
				ALWAYS_SEARCH_USER_PATHS = NO;
				CLANG_ANALYZER_NONNULL = YES;
				CLANG_ANALYZER_NUMBER_OBJECT_CONVERSION = YES_AGGRESSIVE;
				CLANG_CXX_LANGUAGE_STANDARD = "gnu++14";
				CLANG_CXX_LIBRARY = "libc++";
				CLANG_ENABLE_MODULES = YES;
				CLANG_ENABLE_OBJC_ARC = YES;
				CLANG_ENABLE_OBJC_WEAK = YES;
				CLANG_WARN_BLOCK_CAPTURE_AUTORELEASING = YES;
				CLANG_WARN_BOOL_CONVERSION = YES;
				CLANG_WARN_COMMA = YES;
				CLANG_WARN_CONSTANT_CONVERSION = YES;
				CLANG_WARN_DEPRECATED_OBJC_IMPLEMENTATIONS = YES;
				CLANG_WARN_DIRECT_OBJC_ISA_USAGE = YES_ERROR;
				CLANG_WARN_DOCUMENTATION_COMMENTS = YES;
				CLANG_WARN_EMPTY_BODY = YES;
				CLANG_WARN_ENUM_CONVERSION = YES;
				CLANG_WARN_INFINITE_RECURSION = YES;
				CLANG_WARN_INT_CONVERSION = YES;
				CLANG_WARN_NON_LITERAL_NULL_CONVERSION = YES;
				CLANG_WARN_OBJC_IMPLICIT_RETAIN_SELF = YES;
				CLANG_WARN_OBJC_LITERAL_CONVERSION = YES;
				CLANG_WARN_OBJC_ROOT_CLASS = YES_ERROR;
				CLANG_WARN_QUOTED_INCLUDE_IN_FRAMEWORK_HEADER = YES;
				CLANG_WARN_RANGE_LOOP_ANALYSIS = YES;
				CLANG_WARN_STRICT_PROTOTYPES = YES;
				CLANG_WARN_SUSPICIOUS_MOVE = YES;
				CLANG_WARN_UNGUARDED_AVAILABILITY = YES_AGGRESSIVE;
				CLANG_WARN_UNREACHABLE_CODE = YES;
				CLANG_WARN__DUPLICATE_METHOD_MATCH = YES;
				COPY_PHASE_STRIP = NO;
				DEBUG_INFORMATION_FORMAT = "dwarf-with-dsym";
				ENABLE_NS_ASSERTIONS = NO;
				ENABLE_STRICT_OBJC_MSGSEND = YES;
				GCC_C_LANGUAGE_STANDARD = gnu11;
				GCC_NO_COMMON_BLOCKS = YES;
				GCC_WARN_64_TO_32_BIT_CONVERSION = YES;
				GCC_WARN_ABOUT_RETURN_TYPE = YES_ERROR;
				GCC_WARN_UNDECLARED_SELECTOR = YES;
				GCC_WARN_UNINITIALIZED_AUTOS = YES_AGGRESSIVE;
				GCC_WARN_UNUSED_FUNCTION = YES;
				GCC_WARN_UNUSED_VARIABLE = YES;
				IPHONEOS_DEPLOYMENT_TARGET = 14.3;
				MTL_ENABLE_DEBUG_INFO = NO;
				MTL_FAST_MATH = YES;
				SDKROOT = iphoneos;
				SWIFT_COMPILATION_MODE = wholemodule;
				SWIFT_OPTIMIZATION_LEVEL = "-O";
				VALIDATE_PRODUCT = YES;
			};
			name = Release;
		};
		CD31009625B57F5F00CC09AD /* Debug */ = {
			isa = XCBuildConfiguration;
			buildSettings = {
				ASSETCATALOG_COMPILER_APPICON_NAME = AppIcon;
				ASSETCATALOG_COMPILER_GLOBAL_ACCENT_COLOR_NAME = AccentColor;
				CODE_SIGN_STYLE = Automatic;
				INFOPLIST_FILE = PitchPerfect/Info.plist;
				LD_RUNPATH_SEARCH_PATHS = (
					"$(inherited)",
					"@executable_path/Frameworks",
				);
				PRODUCT_BUNDLE_IDENTIFIER = com.udacity.PitchPerfect;
				PRODUCT_NAME = "$(TARGET_NAME)";
				SWIFT_VERSION = 5.0;
				TARGETED_DEVICE_FAMILY = "1,2";
			};
			name = Debug;
		};
		CD31009725B57F5F00CC09AD /* Release */ = {
			isa = XCBuildConfiguration;
			buildSettings = {
				ASSETCATALOG_COMPILER_APPICON_NAME = AppIcon;
				ASSETCATALOG_COMPILER_GLOBAL_ACCENT_COLOR_NAME = AccentColor;
				CODE_SIGN_STYLE = Automatic;
				INFOPLIST_FILE = PitchPerfect/Info.plist;
				LD_RUNPATH_SEARCH_PATHS = (
					"$(inherited)",
					"@executable_path/Frameworks",
				);
				PRODUCT_BUNDLE_IDENTIFIER = com.udacity.PitchPerfect;
				PRODUCT_NAME = "$(TARGET_NAME)";
				SWIFT_VERSION = 5.0;
				TARGETED_DEVICE_FAMILY = "1,2";
			};
			name = Release;
		};
		CD31009925B57F5F00CC09AD /* Debug */ = {
			isa = XCBuildConfiguration;
			buildSettings = {
				ALWAYS_EMBED_SWIFT_STANDARD_LIBRARIES = YES;
				BUNDLE_LOADER = "$(TEST_HOST)";
				CODE_SIGN_STYLE = Automatic;
				INFOPLIST_FILE = PitchPerfectTests/Info.plist;
				IPHONEOS_DEPLOYMENT_TARGET = 14.3;
				LD_RUNPATH_SEARCH_PATHS = (
					"$(inherited)",
					"@executable_path/Frameworks",
					"@loader_path/Frameworks",
				);
				PRODUCT_BUNDLE_IDENTIFIER = com.udacity.PitchPerfectTests;
				PRODUCT_NAME = "$(TARGET_NAME)";
				SWIFT_VERSION = 5.0;
				TARGETED_DEVICE_FAMILY = "1,2";
				TEST_HOST = "$(BUILT_PRODUCTS_DIR)/PitchPerfect.app/PitchPerfect";
			};
			name = Debug;
		};
		CD31009A25B57F5F00CC09AD /* Release */ = {
			isa = XCBuildConfiguration;
			buildSettings = {
				ALWAYS_EMBED_SWIFT_STANDARD_LIBRARIES = YES;
				BUNDLE_LOADER = "$(TEST_HOST)";
				CODE_SIGN_STYLE = Automatic;
				INFOPLIST_FILE = PitchPerfectTests/Info.plist;
				IPHONEOS_DEPLOYMENT_TARGET = 14.3;
				LD_RUNPATH_SEARCH_PATHS = (
					"$(inherited)",
					"@executable_path/Frameworks",
					"@loader_path/Frameworks",
				);
				PRODUCT_BUNDLE_IDENTIFIER = com.udacity.PitchPerfectTests;
				PRODUCT_NAME = "$(TARGET_NAME)";
				SWIFT_VERSION = 5.0;
				TARGETED_DEVICE_FAMILY = "1,2";
				TEST_HOST = "$(BUILT_PRODUCTS_DIR)/PitchPerfect.app/PitchPerfect";
			};
			name = Release;
		};
		CD31009C25B57F5F00CC09AD /* Debug */ = {
			isa = XCBuildConfiguration;
			buildSettings = {
				ALWAYS_EMBED_SWIFT_STANDARD_LIBRARIES = YES;
				CODE_SIGN_STYLE = Automatic;
				INFOPLIST_FILE = PitchPerfectUITests/Info.plist;
				LD_RUNPATH_SEARCH_PATHS = (
					"$(inherited)",
					"@executable_path/Frameworks",
					"@loader_path/Frameworks",
				);
				PRODUCT_BUNDLE_IDENTIFIER = com.udacity.PitchPerfectUITests;
				PRODUCT_NAME = "$(TARGET_NAME)";
				SWIFT_VERSION = 5.0;
				TARGETED_DEVICE_FAMILY = "1,2";
				TEST_TARGET_NAME = PitchPerfect;
			};
			name = Debug;
		};
		CD31009D25B57F5F00CC09AD /* Release */ = {
			isa = XCBuildConfiguration;
			buildSettings = {
				ALWAYS_EMBED_SWIFT_STANDARD_LIBRARIES = YES;
				CODE_SIGN_STYLE = Automatic;
				INFOPLIST_FILE = PitchPerfectUITests/Info.plist;
				LD_RUNPATH_SEARCH_PATHS = (
					"$(inherited)",
					"@executable_path/Frameworks",
					"@loader_path/Frameworks",
				);
				PRODUCT_BUNDLE_IDENTIFIER = com.udacity.PitchPerfectUITests;
				PRODUCT_NAME = "$(TARGET_NAME)";
				SWIFT_VERSION = 5.0;
				TARGETED_DEVICE_FAMILY = "1,2";
				TEST_TARGET_NAME = PitchPerfect;
			};
			name = Release;
		};
/* End XCBuildConfiguration section */

/* Begin XCConfigurationList section */
		CD31006625B57F5C00CC09AD /* Build configuration list for PBXProject "PitchPerfect" */ = {
			isa = XCConfigurationList;
			buildConfigurations = (
				CD31009325B57F5F00CC09AD /* Debug */,
				CD31009425B57F5F00CC09AD /* Release */,
			);
			defaultConfigurationIsVisible = 0;
			defaultConfigurationName = Release;
		};
		CD31009525B57F5F00CC09AD /* Build configuration list for PBXNativeTarget "PitchPerfect" */ = {
			isa = XCConfigurationList;
			buildConfigurations = (
				CD31009625B57F5F00CC09AD /* Debug */,
				CD31009725B57F5F00CC09AD /* Release */,
			);
			defaultConfigurationIsVisible = 0;
			defaultConfigurationName = Release;
		};
		CD31009825B57F5F00CC09AD /* Build configuration list for PBXNativeTarget "PitchPerfectTests" */ = {
			isa = XCConfigurationList;
			buildConfigurations = (
				CD31009925B57F5F00CC09AD /* Debug */,
				CD31009A25B57F5F00CC09AD /* Release */,
			);
			defaultConfigurationIsVisible = 0;
			defaultConfigurationName = Release;
		};
		CD31009B25B57F5F00CC09AD /* Build configuration list for PBXNativeTarget "PitchPerfectUITests" */ = {
			isa = XCConfigurationList;
			buildConfigurations = (
				CD31009C25B57F5F00CC09AD /* Debug */,
				CD31009D25B57F5F00CC09AD /* Release */,
			);
			defaultConfigurationIsVisible = 0;
			defaultConfigurationName = Release;
		};
/* End XCConfigurationList section */
	};
	rootObject = CD31006325B57F5C00CC09AD /* Project object */;
}
